// !$*UTF8*$!
{
	archiveVersion = 1;
	classes = {
	};
	objectVersion = 48;
	objects = {

/* Begin PBXBuildFile section */
		8A12AF3020234BA900F3801F /* AppDelegate.swift in Sources */ = {isa = PBXBuildFile; fileRef = 8A12AF2F20234BA900F3801F /* AppDelegate.swift */; };
		8A12AF3220234BA900F3801F /* ViewController.swift in Sources */ = {isa = PBXBuildFile; fileRef = 8A12AF3120234BA900F3801F /* ViewController.swift */; };
		8A12AF3520234BA900F3801F /* Main.storyboard in Resources */ = {isa = PBXBuildFile; fileRef = 8A12AF3320234BA900F3801F /* Main.storyboard */; };
		8A12AF3720234BA900F3801F /* Assets.xcassets in Resources */ = {isa = PBXBuildFile; fileRef = 8A12AF3620234BA900F3801F /* Assets.xcassets */; };
		8A12AF3A20234BA900F3801F /* LaunchScreen.storyboard in Resources */ = {isa = PBXBuildFile; fileRef = 8A12AF3820234BA900F3801F /* LaunchScreen.storyboard */; };
		8A12AF4520234DF700F3801F /* Alamofire.framework in Frameworks */ = {isa = PBXBuildFile; fileRef = 8A12AF4620234DF700F3801F /* Alamofire.framework */; };
/* End PBXBuildFile section */

/* Begin PBXFileReference section */
		8A12AF2C20234BA900F3801F /* App.app */ = {isa = PBXFileReference; explicitFileType = wrapper.application; includeInIndex = 0; path = App.app; sourceTree = BUILT_PRODUCTS_DIR; };
		8A12AF2F20234BA900F3801F /* AppDelegate.swift */ = {isa = PBXFileReference; lastKnownFileType = sourcecode.swift; path = AppDelegate.swift; sourceTree = "<group>"; };
		8A12AF3120234BA900F3801F /* ViewController.swift */ = {isa = PBXFileReference; lastKnownFileType = sourcecode.swift; path = ViewController.swift; sourceTree = "<group>"; };
		8A12AF3420234BA900F3801F /* Base */ = {isa = PBXFileReference; lastKnownFileType = file.storyboard; name = Base; path = Base.lproj/Main.storyboard; sourceTree = "<group>"; };
		8A12AF3620234BA900F3801F /* Assets.xcassets */ = {isa = PBXFileReference; lastKnownFileType = folder.assetcatalog; path = Assets.xcassets; sourceTree = "<group>"; };
		8A12AF3920234BA900F3801F /* Base */ = {isa = PBXFileReference; lastKnownFileType = file.storyboard; name = Base; path = Base.lproj/LaunchScreen.storyboard; sourceTree = "<group>"; };
		8A12AF3B20234BA900F3801F /* Info.plist */ = {isa = PBXFileReference; lastKnownFileType = text.plist.xml; path = Info.plist; sourceTree = "<group>"; };
		8A12AF4620234DF700F3801F /* Alamofire.framework */ = {isa = PBXFileReference; explicitFileType = wrapper.framework; path = Alamofire.framework; sourceTree = BUILT_PRODUCTS_DIR; };
/* End PBXFileReference section */

/* Begin PBXFrameworksBuildPhase section */
		8A12AF2920234BA900F3801F /* Frameworks */ = {
			isa = PBXFrameworksBuildPhase;
			buildActionMask = 2147483647;
			files = (
				8A12AF4520234DF700F3801F /* Alamofire.framework in Frameworks */,
			);
			runOnlyForDeploymentPostprocessing = 0;
		};
/* End PBXFrameworksBuildPhase section */

/* Begin PBXGroup section */
		8A12AF2320234BA900F3801F = {
			isa = PBXGroup;
			children = (
				8A12AF2E20234BA900F3801F /* App */,
				8A12AF2D20234BA900F3801F /* Products */,
				8A12AF4420234DF700F3801F /* Frameworks */,
			);
			sourceTree = "<group>";
		};
		8A12AF2D20234BA900F3801F /* Products */ = {
			isa = PBXGroup;
			children = (
				8A12AF2C20234BA900F3801F /* App.app */,
			);
			name = Products;
			sourceTree = "<group>";
		};
		8A12AF2E20234BA900F3801F /* App */ = {
			isa = PBXGroup;
			children = (
				8A12AF2F20234BA900F3801F /* AppDelegate.swift */,
				8A12AF3120234BA900F3801F /* ViewController.swift */,
				8A12AF3320234BA900F3801F /* Main.storyboard */,
				8A12AF3620234BA900F3801F /* Assets.xcassets */,
				8A12AF3820234BA900F3801F /* LaunchScreen.storyboard */,
				8A12AF3B20234BA900F3801F /* Info.plist */,
			);
			path = App;
			sourceTree = "<group>";
		};
		8A12AF4420234DF700F3801F /* Frameworks */ = {
			isa = PBXGroup;
			children = (
				8A12AF4620234DF700F3801F /* Alamofire.framework */,
			);
			name = Frameworks;
			sourceTree = "<group>";
		};
/* End PBXGroup section */

/* Begin PBXNativeTarget section */
		8A12AF2B20234BA900F3801F /* App */ = {
			isa = PBXNativeTarget;
			buildConfigurationList = 8A12AF3E20234BA900F3801F /* Build configuration list for PBXNativeTarget "App" */;
			buildPhases = (
				8A12AF2820234BA900F3801F /* Sources */,
				8A12AF2920234BA900F3801F /* Frameworks */,
				8A12AF2A20234BA900F3801F /* Resources */,
			);
			buildRules = (
			);
			dependencies = (
			);
			name = App;
			productName = App;
			productReference = 8A12AF2C20234BA900F3801F /* App.app */;
			productType = "com.apple.product-type.application";
		};
/* End PBXNativeTarget section */

/* Begin PBXProject section */
		8A12AF2420234BA900F3801F /* Project object */ = {
			isa = PBXProject;
			attributes = {
				LastSwiftUpdateCheck = 0920;
				LastUpgradeCheck = 0920;
				ORGANIZATIONNAME = "Jeorge Taflanidi";
				TargetAttributes = {
					8A12AF2B20234BA900F3801F = {
						CreatedOnToolsVersion = 9.2;
						ProvisioningStyle = Automatic;
					};
				};
			};
			buildConfigurationList = 8A12AF2720234BA900F3801F /* Build configuration list for PBXProject "App" */;
			compatibilityVersion = "Xcode 8.0";
			developmentRegion = en;
			hasScannedForEncodings = 0;
			knownRegions = (
				en,
				Base,
			);
			mainGroup = 8A12AF2320234BA900F3801F;
			productRefGroup = 8A12AF2D20234BA900F3801F /* Products */;
			projectDirPath = "";
			projectRoot = "";
			targets = (
				8A12AF2B20234BA900F3801F /* App */,
			);
		};
/* End PBXProject section */

/* Begin PBXResourcesBuildPhase section */
		8A12AF2A20234BA900F3801F /* Resources */ = {
			isa = PBXResourcesBuildPhase;
			buildActionMask = 2147483647;
			files = (
				8A12AF3A20234BA900F3801F /* LaunchScreen.storyboard in Resources */,
				8A12AF3720234BA900F3801F /* Assets.xcassets in Resources */,
				8A12AF3520234BA900F3801F /* Main.storyboard in Resources */,
			);
			runOnlyForDeploymentPostprocessing = 0;
		};
/* End PBXResourcesBuildPhase section */

/* Begin PBXSourcesBuildPhase section */
		8A12AF2820234BA900F3801F /* Sources */ = {
			isa = PBXSourcesBuildPhase;
			buildActionMask = 2147483647;
			files = (
				8A12AF3220234BA900F3801F /* ViewController.swift in Sources */,
				8A12AF3020234BA900F3801F /* AppDelegate.swift in Sources */,
			);
			runOnlyForDeploymentPostprocessing = 0;
		};
/* End PBXSourcesBuildPhase section */

/* Begin PBXVariantGroup section */
		8A12AF3320234BA900F3801F /* Main.storyboard */ = {
			isa = PBXVariantGroup;
			children = (
				8A12AF3420234BA900F3801F /* Base */,
			);
			name = Main.storyboard;
			sourceTree = "<group>";
		};
		8A12AF3820234BA900F3801F /* LaunchScreen.storyboard */ = {
			isa = PBXVariantGroup;
			children = (
				8A12AF3920234BA900F3801F /* Base */,
			);
			name = LaunchScreen.storyboard;
			sourceTree = "<group>";
		};
/* End PBXVariantGroup section */

/* Begin XCBuildConfiguration section */
		8A12AF3C20234BA900F3801F /* Debug */ = {
			isa = XCBuildConfiguration;
			buildSettings = {
				ALWAYS_SEARCH_USER_PATHS = NO;
				CLANG_ANALYZER_NONNULL = YES;
				CLANG_ANALYZER_NUMBER_OBJECT_CONVERSION = YES_AGGRESSIVE;
				CLANG_CXX_LANGUAGE_STANDARD = "gnu++14";
				CLANG_CXX_LIBRARY = "libc++";
				CLANG_ENABLE_MODULES = YES;
				CLANG_ENABLE_OBJC_ARC = YES;
				CLANG_WARN_BLOCK_CAPTURE_AUTORELEASING = YES;
				CLANG_WARN_BOOL_CONVERSION = YES;
				CLANG_WARN_COMMA = YES;
				CLANG_WARN_CONSTANT_CONVERSION = YES;
				CLANG_WARN_DIRECT_OBJC_ISA_USAGE = YES_ERROR;
				CLANG_WARN_DOCUMENTATION_COMMENTS = YES;
				CLANG_WARN_EMPTY_BODY = YES;
				CLANG_WARN_ENUM_CONVERSION = YES;
				CLANG_WARN_INFINITE_RECURSION = YES;
				CLANG_WARN_INT_CONVERSION = YES;
				CLANG_WARN_NON_LITERAL_NULL_CONVERSION = YES;
				CLANG_WARN_OBJC_LITERAL_CONVERSION = YES;
				CLANG_WARN_OBJC_ROOT_CLASS = YES_ERROR;
				CLANG_WARN_RANGE_LOOP_ANALYSIS = YES;
				CLANG_WARN_STRICT_PROTOTYPES = YES;
				CLANG_WARN_SUSPICIOUS_MOVE = YES;
				CLANG_WARN_UNGUARDED_AVAILABILITY = YES_AGGRESSIVE;
				CLANG_WARN_UNREACHABLE_CODE = YES;
				CLANG_WARN__DUPLICATE_METHOD_MATCH = YES;
				CODE_SIGN_IDENTITY = "iPhone Developer";
				COPY_PHASE_STRIP = NO;
				DEBUG_INFORMATION_FORMAT = dwarf;
				ENABLE_STRICT_OBJC_MSGSEND = YES;
				ENABLE_TESTABILITY = YES;
				GCC_C_LANGUAGE_STANDARD = gnu11;
				GCC_DYNAMIC_NO_PIC = NO;
				GCC_NO_COMMON_BLOCKS = YES;
				GCC_OPTIMIZATION_LEVEL = 0;
				GCC_PREPROCESSOR_DEFINITIONS = (
					"DEBUG=1",
					"$(inherited)",
				);
				GCC_WARN_64_TO_32_BIT_CONVERSION = YES;
				GCC_WARN_ABOUT_RETURN_TYPE = YES_ERROR;
				GCC_WARN_UNDECLARED_SELECTOR = YES;
				GCC_WARN_UNINITIALIZED_AUTOS = YES_AGGRESSIVE;
				GCC_WARN_UNUSED_FUNCTION = YES;
				GCC_WARN_UNUSED_VARIABLE = YES;
				IPHONEOS_DEPLOYMENT_TARGET = 11.2;
				MTL_ENABLE_DEBUG_INFO = YES;
				ONLY_ACTIVE_ARCH = YES;
				SDKROOT = iphoneos;
				SWIFT_ACTIVE_COMPILATION_CONDITIONS = DEBUG;
				SWIFT_OPTIMIZATION_LEVEL = "-Onone";
			};
			name = Debug;
		};
		8A12AF3D20234BA900F3801F /* Release */ = {
			isa = XCBuildConfiguration;
			buildSettings = {
				ALWAYS_SEARCH_USER_PATHS = NO;
				CLANG_ANALYZER_NONNULL = YES;
				CLANG_ANALYZER_NUMBER_OBJECT_CONVERSION = YES_AGGRESSIVE;
				CLANG_CXX_LANGUAGE_STANDARD = "gnu++14";
				CLANG_CXX_LIBRARY = "libc++";
				CLANG_ENABLE_MODULES = YES;
				CLANG_ENABLE_OBJC_ARC = YES;
				CLANG_WARN_BLOCK_CAPTURE_AUTORELEASING = YES;
				CLANG_WARN_BOOL_CONVERSION = YES;
				CLANG_WARN_COMMA = YES;
				CLANG_WARN_CONSTANT_CONVERSION = YES;
				CLANG_WARN_DIRECT_OBJC_ISA_USAGE = YES_ERROR;
				CLANG_WARN_DOCUMENTATION_COMMENTS = YES;
				CLANG_WARN_EMPTY_BODY = YES;
				CLANG_WARN_ENUM_CONVERSION = YES;
				CLANG_WARN_INFINITE_RECURSION = YES;
				CLANG_WARN_INT_CONVERSION = YES;
				CLANG_WARN_NON_LITERAL_NULL_CONVERSION = YES;
				CLANG_WARN_OBJC_LITERAL_CONVERSION = YES;
				CLANG_WARN_OBJC_ROOT_CLASS = YES_ERROR;
				CLANG_WARN_RANGE_LOOP_ANALYSIS = YES;
				CLANG_WARN_STRICT_PROTOTYPES = YES;
				CLANG_WARN_SUSPICIOUS_MOVE = YES;
				CLANG_WARN_UNGUARDED_AVAILABILITY = YES_AGGRESSIVE;
				CLANG_WARN_UNREACHABLE_CODE = YES;
				CLANG_WARN__DUPLICATE_METHOD_MATCH = YES;
				CODE_SIGN_IDENTITY = "iPhone Developer";
				COPY_PHASE_STRIP = NO;
				DEBUG_INFORMATION_FORMAT = "dwarf-with-dsym";
				ENABLE_NS_ASSERTIONS = NO;
				ENABLE_STRICT_OBJC_MSGSEND = YES;
				GCC_C_LANGUAGE_STANDARD = gnu11;
				GCC_NO_COMMON_BLOCKS = YES;
				GCC_WARN_64_TO_32_BIT_CONVERSION = YES;
				GCC_WARN_ABOUT_RETURN_TYPE = YES_ERROR;
				GCC_WARN_UNDECLARED_SELECTOR = YES;
				GCC_WARN_UNINITIALIZED_AUTOS = YES_AGGRESSIVE;
				GCC_WARN_UNUSED_FUNCTION = YES;
				GCC_WARN_UNUSED_VARIABLE = YES;
				IPHONEOS_DEPLOYMENT_TARGET = 11.2;
				MTL_ENABLE_DEBUG_INFO = NO;
				SDKROOT = iphoneos;
				SWIFT_OPTIMIZATION_LEVEL = "-Owholemodule";
				VALIDATE_PRODUCT = YES;
			};
			name = Release;
		};
		8A12AF3F20234BA900F3801F /* Debug */ = {
			isa = XCBuildConfiguration;
			buildSettings = {
				ASSETCATALOG_COMPILER_APPICON_NAME = AppIcon;
				CODE_SIGN_STYLE = Automatic;
				DEVELOPMENT_TEAM = M87D74B2XJ;
				INFOPLIST_FILE = App/Info.plist;
				LD_RUNPATH_SEARCH_PATHS = "$(inherited) @executable_path/Frameworks";
				PRODUCT_BUNDLE_IDENTIFIER = com.comeagainlater.App;
				PRODUCT_NAME = "$(TARGET_NAME)";
				SWIFT_VERSION = 4.0;
				TARGETED_DEVICE_FAMILY = "1,2";
			};
			name = Debug;
		};
		8A12AF4020234BA900F3801F /* Release */ = {
			isa = XCBuildConfiguration;
			buildSettings = {
				ASSETCATALOG_COMPILER_APPICON_NAME = AppIcon;
				CODE_SIGN_STYLE = Automatic;
				DEVELOPMENT_TEAM = M87D74B2XJ;
				INFOPLIST_FILE = App/Info.plist;
				LD_RUNPATH_SEARCH_PATHS = "$(inherited) @executable_path/Frameworks";
				PRODUCT_BUNDLE_IDENTIFIER = com.comeagainlater.App;
				PRODUCT_NAME = "$(TARGET_NAME)";
				SWIFT_VERSION = 4.0;
				TARGETED_DEVICE_FAMILY = "1,2";
			};
			name = Release;
		};
/* End XCBuildConfiguration section */

/* Begin XCConfigurationList section */
		8A12AF2720234BA900F3801F /* Build configuration list for PBXProject "App" */ = {
			isa = XCConfigurationList;
			buildConfigurations = (
				8A12AF3C20234BA900F3801F /* Debug */,
				8A12AF3D20234BA900F3801F /* Release */,
			);
			defaultConfigurationIsVisible = 0;
			defaultConfigurationName = Release;
		};
		8A12AF3E20234BA900F3801F /* Build configuration list for PBXNativeTarget "App" */ = {
			isa = XCConfigurationList;
			buildConfigurations = (
				8A12AF3F20234BA900F3801F /* Debug */,
				8A12AF4020234BA900F3801F /* Release */,
			);
			defaultConfigurationIsVisible = 0;
			defaultConfigurationName = Release;
		};
/* End XCConfigurationList section */
	};
	rootObject = 8A12AF2420234BA900F3801F /* Project object */;
}
